
Microsoft Visual Studio Solution File, Format Version 12.00
# Visual Studio Version 17
VisualStudioVersion = 17.12.35527.113 d17.12
MinimumVisualStudioVersion = 10.0.40219.1
Project("{FAE04EC0-301F-11D3-BF4B-00C04F79EFBC}") = "BusinessLayer", "BusinessLayer\BusinessLayer.csproj", "{F0B22D2A-070D-492A-8C01-597590C18DB4}"
EndProject
Project("{FAE04EC0-301F-11D3-BF4B-00C04F79EFBC}") = "DangKyHocPhanSinhVien", "DangKyHocPhanSinhVien\DangKyHocPhanSinhVien.csproj", "{99E8FC03-0C69-4636-BBB9-AEC6E0673F36}"
EndProject
Project("{FAE04EC0-301F-11D3-BF4B-00C04F79EFBC}") = "DataLayer", "DataLayer\DataLayer.csproj", "{BCCF40E9-EA08-4724-8226-7364D046979C}"
EndProject
Global
	GlobalSection(SolutionConfigurationPlatforms) = preSolution
		Debug|Any CPU = Debug|Any CPU
		Release|Any CPU = Release|Any CPU
	EndGlobalSection
	GlobalSection(ProjectConfigurationPlatforms) = postSolution
		{F0B22D2A-070D-492A-8C01-597590C18DB4}.Debug|Any CPU.ActiveCfg = Debug|Any CPU
		{F0B22D2A-070D-492A-8C01-597590C18DB4}.Debug|Any CPU.Build.0 = Debug|Any CPU
		{F0B22D2A-070D-492A-8C01-597590C18DB4}.Release|Any CPU.ActiveCfg = Release|Any CPU
		{F0B22D2A-070D-492A-8C01-597590C18DB4}.Release|Any CPU.Build.0 = Release|Any CPU
		{99E8FC03-0C69-4636-BBB9-AEC6E0673F36}.Debug|Any CPU.ActiveCfg = Debug|Any CPU
		{99E8FC03-0C69-4636-BBB9-AEC6E0673F36}.Debug|Any CPU.Build.0 = Debug|Any CPU
		{99E8FC03-0C69-4636-BBB9-AEC6E0673F36}.Release|Any CPU.ActiveCfg = Release|Any CPU
		{99E8FC03-0C69-4636-BBB9-AEC6E0673F36}.Release|Any CPU.Build.0 = Release|Any CPU
		{BCCF40E9-EA08-4724-8226-7364D046979C}.Debug|Any CPU.ActiveCfg = Debug|Any CPU
		{BCCF40E9-EA08-4724-8226-7364D046979C}.Debug|Any CPU.Build.0 = Debug|Any CPU
		{BCCF40E9-EA08-4724-8226-7364D046979C}.Release|Any CPU.ActiveCfg = Release|Any CPU
		{BCCF40E9-EA08-4724-8226-7364D046979C}.Release|Any CPU.Build.0 = Release|Any CPU
	EndGlobalSection
	GlobalSection(SolutionProperties) = preSolution
		HideSolutionNode = FALSE
	EndGlobalSection
EndGlobal
